
Microsoft Visual Studio Solution File, Format Version 12.00
# Visual Studio Version 17
VisualStudioVersion = 17.1.32228.430
MinimumVisualStudioVersion = 10.0.40219.1
Project("{FAE04EC0-301F-11D3-BF4B-00C04F79EFBC}") = "LoginForm", "LoginForm\LoginForm.csproj", "{A73F26B8-2168-4395-98A8-E44A5582C362}"
EndProject
Global
	GlobalSection(SolutionConfigurationPlatforms) = preSolution
		Debug|Any CPU = Debug|Any CPU
		Release|Any CPU = Release|Any CPU
	EndGlobalSection
	GlobalSection(ProjectConfigurationPlatforms) = postSolution
		{A73F26B8-2168-4395-98A8-E44A5582C362}.Debug|Any CPU.ActiveCfg = Debug|Any CPU
		{A73F26B8-2168-4395-98A8-E44A5582C362}.Debug|Any CPU.Build.0 = Debug|Any CPU
		{A73F26B8-2168-4395-98A8-E44A5582C362}.Release|Any CPU.ActiveCfg = Release|Any CPU
		{A73F26B8-2168-4395-98A8-E44A5582C362}.Release|Any CPU.Build.0 = Release|Any CPU
	EndGlobalSection
	GlobalSection(SolutionProperties) = preSolution
		HideSolutionNode = FALSE
	EndGlobalSection
	GlobalSection(ExtensibilityGlobals) = postSolution
		SolutionGuid = {6B043F82-502E-477D-9F9D-6D21EFEF44A6}
	EndGlobalSection
EndGlobal
